
Microsoft Visual Studio Solution File, Format Version 12.00
# Visual Studio Version 17
VisualStudioVersion = 17.9.34723.18
MinimumVisualStudioVersion = 10.0.40219.1
Project("{FAE04EC0-301F-11D3-BF4B-00C04F79EFBC}") = "2024.11.21.- Dolgozat megoldása", "2024.11.21.- Dolgozat megoldása.csproj", "{40D8A4D9-E771-4E53-AE8F-3A277C46861A}"
EndProject
Global
	GlobalSection(SolutionConfigurationPlatforms) = preSolution
		Debug|Any CPU = Debug|Any CPU
		Release|Any CPU = Release|Any CPU
	EndGlobalSection
	GlobalSection(ProjectConfigurationPlatforms) = postSolution
		{40D8A4D9-E771-4E53-AE8F-3A277C46861A}.Debug|Any CPU.ActiveCfg = Debug|Any CPU
		{40D8A4D9-E771-4E53-AE8F-3A277C46861A}.Debug|Any CPU.Build.0 = Debug|Any CPU
		{40D8A4D9-E771-4E53-AE8F-3A277C46861A}.Release|Any CPU.ActiveCfg = Release|Any CPU
		{40D8A4D9-E771-4E53-AE8F-3A277C46861A}.Release|Any CPU.Build.0 = Release|Any CPU
	EndGlobalSection
	GlobalSection(SolutionProperties) = preSolution
		HideSolutionNode = FALSE
	EndGlobalSection
	GlobalSection(ExtensibilityGlobals) = postSolution
		SolutionGuid = {63B73649-05D5-4510-9D0E-571E60AAF2BE}
	EndGlobalSection
EndGlobal
